
Microsoft Visual Studio Solution File, Format Version 12.00
# Visual Studio Version 16
VisualStudioVersion = 16.0.29306.81
MinimumVisualStudioVersion = 10.0.40219.1
Project("{9A19103F-16F7-4668-BE54-9A1E7A4F7556}") = "NzbWishlist.Azure", "NzbWishlist.Azure\NzbWishlist.Azure.csproj", "{0F92A498-2E59-4F98-9EA4-58C0066F7CC9}"
EndProject
Project("{9A19103F-16F7-4668-BE54-9A1E7A4F7556}") = "NzbWishlist.Core", "NzbWishlist.Core\NzbWishlist.Core.csproj", "{70A4B15C-8FF3-4A65-8D98-13F6B9DD99C8}"
EndProject
Project("{FAE04EC0-301F-11D3-BF4B-00C04F79EFBC}") = "NzbWishlist.Tests", "NzbWishlist.Tests\NzbWishlist.Tests.csproj", "{F3F09434-3AB0-4D51-9FA9-DA13A22DBA7E}"
EndProject
Global
	GlobalSection(SolutionConfigurationPlatforms) = preSolution
		Debug|Any CPU = Debug|Any CPU
		Release|Any CPU = Release|Any CPU
	EndGlobalSection
	GlobalSection(ProjectConfigurationPlatforms) = postSolution
		{0F92A498-2E59-4F98-9EA4-58C0066F7CC9}.Debug|Any CPU.ActiveCfg = Debug|Any CPU
		{0F92A498-2E59-4F98-9EA4-58C0066F7CC9}.Debug|Any CPU.Build.0 = Debug|Any CPU
		{0F92A498-2E59-4F98-9EA4-58C0066F7CC9}.Release|Any CPU.ActiveCfg = Release|Any CPU
		{0F92A498-2E59-4F98-9EA4-58C0066F7CC9}.Release|Any CPU.Build.0 = Release|Any CPU
		{70A4B15C-8FF3-4A65-8D98-13F6B9DD99C8}.Debug|Any CPU.ActiveCfg = Debug|Any CPU
		{70A4B15C-8FF3-4A65-8D98-13F6B9DD99C8}.Debug|Any CPU.Build.0 = Debug|Any CPU
		{70A4B15C-8FF3-4A65-8D98-13F6B9DD99C8}.Release|Any CPU.ActiveCfg = Release|Any CPU
		{70A4B15C-8FF3-4A65-8D98-13F6B9DD99C8}.Release|Any CPU.Build.0 = Release|Any CPU
		{F3F09434-3AB0-4D51-9FA9-DA13A22DBA7E}.Debug|Any CPU.ActiveCfg = Debug|Any CPU
		{F3F09434-3AB0-4D51-9FA9-DA13A22DBA7E}.Debug|Any CPU.Build.0 = Debug|Any CPU
		{F3F09434-3AB0-4D51-9FA9-DA13A22DBA7E}.Release|Any CPU.ActiveCfg = Release|Any CPU
		{F3F09434-3AB0-4D51-9FA9-DA13A22DBA7E}.Release|Any CPU.Build.0 = Release|Any CPU
	EndGlobalSection
	GlobalSection(SolutionProperties) = preSolution
		HideSolutionNode = FALSE
	EndGlobalSection
	GlobalSection(ExtensibilityGlobals) = postSolution
		SolutionGuid = {12207B9A-7C62-4BE4-A755-EF4910B3B27A}
	EndGlobalSection
EndGlobal
